# This file is autogenerated, do not edit; changes may be undone by the next 'dep ensure'.


[[projects]]
  digest = "1:a2c1d0e43bd3baaa071d1b9ed72c27d78169b2b269f71c105ac4ba34b1be4a39"
  name = "github.com/davecgh/go-spew"
  packages = ["spew"]
  pruneopts = "UT"
  revision = "346938d642f2ec3594ed81d874461961cd0faa76"
  version = "v1.1.0"

[[projects]]
  branch = "master"
  digest = "1:988cfde37f089c50ba1ac8a1032c3f81d2ac0359e1872093b946a30139665eb6"
  name = "github.com/dsnet/compress"
  packages = [
    ".",
    "bzip2",
    "bzip2/internal/sais",
    "internal",
    "internal/errors",
    "internal/prefix",
  ]
  pruneopts = "UT"
  revision = "cc9eb1d7ad760af14e8f918698f745e80377af4f"

[[projects]]
  digest = "1:ffc060c551980d37ee9e428ef528ee2813137249ccebb0bfc412ef83071cac91"
  name = "github.com/golang/protobuf"
  packages = ["proto"]
  pruneopts = "UT"
  revision = "925541529c1fa6821df4e44ce2723319eb2be768"
  version = "v1.0.0"

[[projects]]
  digest = "1:51bee9f1987dcdb9f9a1b4c20745d78f6bf6f5f14ad4e64ca883eb64df4c0045"
  name = "github.com/google/go-github"
  packages = ["github"]
  pruneopts = "UT"
  revision = "e48060a28fac52d0f1cb758bc8b87c07bac4a87d"
  version = "v15.0.0"

[[projects]]
  branch = "master"
  digest = "1:a63cff6b5d8b95638bfe300385d93b2a6d9d687734b863da8e09dc834510a690"
  name = "github.com/google/go-querystring"
  packages = ["query"]
  pruneopts = "UT"
  revision = "53e6ce116135b80d037921a7fdd5138cf32d7a8a"

[[projects]]
  digest = "1:870d441fe217b8e689d7949fef6e43efbc787e50f200cb1e70dbca9204a1d6be"
  name = "github.com/inconshreveable/mousetrap"
  packages = ["."]
  pruneopts = "UT"
  revision = "76626ae9c91c4f2a10f34cad8ce83ea42c93bb75"
  version = "v1.0"

[[projects]]
  digest = "1:3786254a486f6d605a52cbc62aa0e71dacc76d5cd1a217c16905831b0f92f6ad"
  name = "github.com/jtacoma/uritemplates"
  packages = ["."]
  pruneopts = "UT"
  revision = "307ae868f90f4ee1b73ebe4596e0394237dacce8"
  version = "v1.0.0"

[[projects]]
  digest = "1:e2d1d410fb367567c2b53ed9e2d719d3c1f0891397bb2fa49afd747cfbf1e8e4"
  name = "github.com/mattn/go-runewidth"
  packages = ["."]
  pruneopts = "UT"
  revision = "9e777a8366cce605130a531d2cd6363d07ad7317"
  version = "v0.0.2"

[[projects]]
  digest = "1:e05db7d2d85e06b7973561483c4accb8fa67037ff851c69641d9c281b4c36102"
  name = "github.com/mholt/archiver"
  packages = ["."]
  pruneopts = "UT"
  revision = "cdc68dd1f170b8dfc1a0d2231b5bb0967ed67006"
  version = "v2.0"

[[projects]]
  branch = "develop"
  digest = "1:aec618806918ced139b3548e6d1c65af3b9b35dd0b76ed3d6490cd9946c55a71"
  name = "github.com/nmiyake/pkg"
  packages = [
    "dirs",
    "errorstringer",
    "gofiles",
  ]
  pruneopts = "UT"
  revision = "b64318170fdef93b4462420e0badef8050dbb7ec"

[[projects]]
  branch = "master"
  digest = "1:3bdb4203c03569a564d6a4bd54d84315575cebb2d76471f8676f8ee8c402005e"
  name = "github.com/nwaples/rardecode"
  packages = ["."]
  pruneopts = "UT"
  revision = "e06696f847aeda6f39a8f0b7cdff193b7690aef6"

[[projects]]
  digest = "1:3f71dc4527992f2bda77d0af5944012f4aa48d87c10992d305b3895996a1f296"
  name = "github.com/palantir/distgo"
  packages = [
    "assetapi",
    "cmd",
    "dister",
    "dister/bin",
    "dister/bin/config",
    "dister/bin/config/internal/v0",
    "dister/disterfactory",
    "dister/distertester",
    "dister/manual",
    "dister/manual/config",
    "dister/manual/config/internal/legacy",
    "dister/manual/config/internal/v0",
    "dister/osarchbin",
    "dister/osarchbin/config",
    "dister/osarchbin/config/internal/legacy",
    "dister/osarchbin/config/internal/v0",
    "distgo",
    "distgo/artifacts",
    "distgo/build",
    "distgo/clean",
    "distgo/config",
    "distgo/config/internal/legacy",
    "distgo/config/internal/v0",
    "distgo/dist",
    "distgo/docker",
    "distgo/printproducts",
    "distgo/projectversion",
    "distgo/publish",
    "distgo/run",
    "distgo/testfuncs",
    "dockerbuilder",
    "dockerbuilder/defaultdockerbuilder",
    "dockerbuilder/defaultdockerbuilder/config",
    "dockerbuilder/defaultdockerbuilder/config/internal/v0",
    "dockerbuilder/dockerbuilderfactory",
    "dockerbuilder/dockerbuildertester",
    "pkg/git",
    "pkg/imports",
    "projectversioner",
    "projectversioner/git",
    "projectversioner/git/config",
    "projectversioner/git/config/internal/v0",
    "projectversioner/projectversionerfactory",
    "projectversioner/projectversiontester",
    "projectversioner/script",
    "projectversioner/script/config",
    "projectversioner/script/config/internal/v0",
    "publisher",
    "publisher/artifactory",
    "publisher/artifactory/config",
    "publisher/artifactory/config/internal/v0",
    "publisher/bintray",
    "publisher/bintray/config",
    "publisher/bintray/config/internal/v0",
    "publisher/github",
    "publisher/github/config",
    "publisher/github/config/internal/v0",
    "publisher/maven",
    "publisher/mavenlocal",
    "publisher/mavenlocal/config",
    "publisher/mavenlocal/config/internal/v0",
    "publisher/publisherfactory",
    "publisher/publishertester",
  ]
  pruneopts = "UT"
  revision = "a9adca381a3160155ff8cb4d62ca434347e2ae32"
  version = "v1.17.0"

[[projects]]
  digest = "1:c5d50b9944d963587c6dce9de2f608079436d49d8a72197b266c20571bfee07d"
  name = "github.com/palantir/godel"
  packages = [
    "framework/artifactresolver",
    "framework/builtintasks",
    "framework/builtintasks/checkpath",
    "framework/builtintasks/githooks",
    "framework/builtintasks/githubwiki",
    "framework/builtintasks/idea",
    "framework/builtintasks/installupdate",
    "framework/builtintasks/installupdate/layout",
    "framework/builtintasks/packages",
    "framework/godel",
    "framework/godel/config",
    "framework/godel/config/internal/v0",
    "framework/godellauncher",
    "framework/godellauncher/defaulttasks",
    "framework/internal/pathsinternal",
    "framework/internal/pluginsinternal",
    "framework/pluginapi",
    "framework/pluginapi/v2/pluginapi",
    "framework/pluginapitester",
    "framework/plugins",
    "framework/verifyorder",
    "godelgetter",
    "pkg/osarch",
    "pkg/products/v2/products",
    "pkg/versionedconfig",
  ]
  pruneopts = "UT"
  revision = "727863e5179c37e1b6d4bede2cf89c5bb9ff3f2e"
  version = "v2.14.0"

[[projects]]
  digest = "1:a43b6962789b5fd8cce3145d7f4885b3063f0eb8517a90da8973cac12f456021"
  name = "github.com/palantir/pkg"
  packages = [
    "cobracli",
    "gittest",
    "matcher",
    "pkgpath",
    "signals",
    "specdir",
  ]
  pruneopts = "UT"
  revision = "b2b34217111b014adb22fa992d96f52aefea654d"
  version = "0.9.3"

[[projects]]
  digest = "1:40e195917a951a8bf867cd05de2a46aaf1806c50cf92eebf4c16f78cd196f747"
  name = "github.com/pkg/errors"
  packages = ["."]
  pruneopts = "UT"
  revision = "645ef00459ed84a119197bfb8d8205042c6df63d"
  version = "v0.8.0"

[[projects]]
  digest = "1:0028cb19b2e4c3112225cd871870f2d9cf49b9b4276531f03438a88e94be86fe"
  name = "github.com/pmezard/go-difflib"
  packages = ["difflib"]
  pruneopts = "UT"
  revision = "792786c7400a136282c1664665ae0a8db921c6c2"
  version = "v1.0.0"

[[projects]]
  digest = "1:982714fa3eaafd4251f5ccf3d133b706ad742b86c195d594e1a86050a02f87a8"
  name = "github.com/spf13/cobra"
  packages = ["."]
  pruneopts = "UT"
  revision = "a1f051bc3eba734da4772d60e2d677f47cf93ef4"
  version = "v0.0.2"

[[projects]]
  digest = "1:1b21a2b4058a779f290c7341cd93267492e0ecea6c8b54f64a4a5fd7ff131034"
  name = "github.com/spf13/pflag"
  packages = ["."]
  pruneopts = "UT"
  revision = "e57e3eeb33f795204c1ca35f56c44f83227c6e66"
  version = "v1.0.0"

[[projects]]
  digest = "1:7e8d267900c7fa7f35129a2a37596e38ed0f11ca746d6d9ba727980ee138f9f6"
  name = "github.com/stretchr/testify"
  packages = [
    "assert",
    "require",
  ]
  pruneopts = "UT"
  revision = "12b6f73e6084dad08a7c6e575284b177ecafbc71"
  version = "v1.2.1"

[[projects]]
  branch = "master"
  digest = "1:a727e6e99a07e8f42e25f3139e471987bb936663044e4a5ac1808467fb0c5f98"
  name = "github.com/termie/go-shutil"
  packages = ["."]
  pruneopts = "UT"
  revision = "bcacb06fecaeec8dc42af03c87c6949f4a05c74c"

[[projects]]
  digest = "1:4aeb3860275fa1fd60cccfb5a6ef85da438bf17402e1e84412ade4d4b55066a0"
  name = "github.com/ulikunitz/xz"
  packages = [
    ".",
    "internal/hash",
    "internal/xlog",
    "lzma",
  ]
  pruneopts = "UT"
  revision = "0c6b41e72360850ca4f98dc341fd999726ea007f"
  version = "v0.5.4"

[[projects]]
  branch = "master"
  digest = "1:d6b719875cf8091fbab38527d81d34e71f4521b9ee9ccfbd4a32cff2ac5af96e"
  name = "golang.org/x/net"
  packages = [
    "context",
    "context/ctxhttp",
  ]
  pruneopts = "UT"
  revision = "d25186b37f34ebdbbea8f488ef055638dfab272d"

[[projects]]
  branch = "master"
  digest = "1:db7fc5fc53f635befc318911f1701219fa7b001348988d9c4c8a1e12b9957f99"
  name = "golang.org/x/oauth2"
  packages = [
    ".",
    "internal",
  ]
  pruneopts = "UT"
  revision = "2f32c3ac0fa4fb807a0fcefb0b6f2468a0d99bd0"

[[projects]]
  branch = "master"
  digest = "1:62daada97f35b86c699ffc5b1b378eac0d4862715f73338b410364468be37ae5"
  name = "golang.org/x/sys"
  packages = ["unix"]
  pruneopts = "UT"
  revision = "dd2ff4accc098aceecb86b36eaa7829b2a17b1c9"

[[projects]]
  digest = "1:9cf45e754ab2dff5f53a553e6948b994ff738e4d1092ca608dcada945d8be0ef"
  name = "google.golang.org/appengine"
  packages = [
    "internal",
    "internal/base",
    "internal/datastore",
    "internal/log",
    "internal/remote_api",
    "internal/urlfetch",
    "urlfetch",
  ]
  pruneopts = "UT"
  revision = "150dc57a1b433e64154302bdc40b6bb8aefa313a"
  version = "v1.0.0"

[[projects]]
  digest = "1:c4b907986044810b1542df64faf968e8b1c235113f26b06f16a1c86e0d6a48f8"
  name = "gopkg.in/cheggaaa/pb.v1"
  packages = ["."]
  pruneopts = "UT"
  revision = "72b964305fba1230d3d818711138195f22b9ceea"
  version = "v1.0.22"

[[projects]]
  digest = "1:2a81c6e126d36ad027328cffaa4888fc3be40f09dc48028d1f93705b718130b9"
  name = "gopkg.in/yaml.v2"
  packages = ["."]
  pruneopts = "UT"
  revision = "7f97868eec74b32b0982dd158a51a446d1da7eb5"
  version = "v2.1.1"

[solve-meta]
  analyzer-name = "dep"
  analyzer-version = 1
  input-imports = [
    "github.com/google/go-github/github",
    "github.com/jtacoma/uritemplates",
    "github.com/mholt/archiver",
    "github.com/nmiyake/pkg/dirs",
    "github.com/nmiyake/pkg/gofiles",
    "github.com/palantir/distgo/assetapi",
    "github.com/palantir/distgo/cmd",
    "github.com/palantir/distgo/dister",
    "github.com/palantir/distgo/dister/bin",
    "github.com/palantir/distgo/dister/bin/config",
    "github.com/palantir/distgo/dister/bin/config/internal/v0",
    "github.com/palantir/distgo/dister/disterfactory",
    "github.com/palantir/distgo/dister/distertester",
    "github.com/palantir/distgo/dister/manual",
    "github.com/palantir/distgo/dister/manual/config",
    "github.com/palantir/distgo/dister/manual/config/internal/legacy",
    "github.com/palantir/distgo/dister/manual/config/internal/v0",
    "github.com/palantir/distgo/dister/osarchbin",
    "github.com/palantir/distgo/dister/osarchbin/config",
    "github.com/palantir/distgo/dister/osarchbin/config/internal/legacy",
    "github.com/palantir/distgo/dister/osarchbin/config/internal/v0",
    "github.com/palantir/distgo/distgo",
    "github.com/palantir/distgo/distgo/artifacts",
    "github.com/palantir/distgo/distgo/build",
    "github.com/palantir/distgo/distgo/clean",
    "github.com/palantir/distgo/distgo/config",
    "github.com/palantir/distgo/distgo/config/internal/legacy",
    "github.com/palantir/distgo/distgo/config/internal/v0",
    "github.com/palantir/distgo/distgo/dist",
    "github.com/palantir/distgo/distgo/docker",
    "github.com/palantir/distgo/distgo/printproducts",
    "github.com/palantir/distgo/distgo/projectversion",
    "github.com/palantir/distgo/distgo/publish",
    "github.com/palantir/distgo/distgo/run",
    "github.com/palantir/distgo/distgo/testfuncs",
    "github.com/palantir/distgo/dockerbuilder",
    "github.com/palantir/distgo/dockerbuilder/defaultdockerbuilder",
    "github.com/palantir/distgo/dockerbuilder/defaultdockerbuilder/config",
    "github.com/palantir/distgo/dockerbuilder/defaultdockerbuilder/config/internal/v0",
    "github.com/palantir/distgo/dockerbuilder/dockerbuilderfactory",
    "github.com/palantir/distgo/dockerbuilder/dockerbuildertester",
    "github.com/palantir/distgo/pkg/git",
    "github.com/palantir/distgo/pkg/imports",
    "github.com/palantir/distgo/projectversioner",
    "github.com/palantir/distgo/projectversioner/git",
    "github.com/palantir/distgo/projectversioner/git/config",
    "github.com/palantir/distgo/projectversioner/git/config/internal/v0",
    "github.com/palantir/distgo/projectversioner/projectversionerfactory",
    "github.com/palantir/distgo/projectversioner/projectversiontester",
    "github.com/palantir/distgo/projectversioner/script",
    "github.com/palantir/distgo/projectversioner/script/config",
    "github.com/palantir/distgo/projectversioner/script/config/internal/v0",
    "github.com/palantir/distgo/publisher",
    "github.com/palantir/distgo/publisher/artifactory",
    "github.com/palantir/distgo/publisher/artifactory/config",
    "github.com/palantir/distgo/publisher/artifactory/config/internal/v0",
    "github.com/palantir/distgo/publisher/bintray",
    "github.com/palantir/distgo/publisher/bintray/config",
    "github.com/palantir/distgo/publisher/bintray/config/internal/v0",
    "github.com/palantir/distgo/publisher/github",
    "github.com/palantir/distgo/publisher/github/config",
    "github.com/palantir/distgo/publisher/github/config/internal/v0",
    "github.com/palantir/distgo/publisher/maven",
    "github.com/palantir/distgo/publisher/mavenlocal",
    "github.com/palantir/distgo/publisher/mavenlocal/config",
    "github.com/palantir/distgo/publisher/mavenlocal/config/internal/v0",
    "github.com/palantir/distgo/publisher/publisherfactory",
    "github.com/palantir/distgo/publisher/publishertester",
    "github.com/palantir/godel/framework/godel/config",
    "github.com/palantir/godel/framework/pluginapi",
    "github.com/palantir/godel/framework/pluginapi/v2/pluginapi",
    "github.com/palantir/godel/framework/pluginapitester",
    "github.com/palantir/godel/pkg/osarch",
    "github.com/palantir/godel/pkg/products/v2/products",
    "github.com/palantir/godel/pkg/versionedconfig",
    "github.com/palantir/pkg/cobracli",
    "github.com/palantir/pkg/gittest",
    "github.com/palantir/pkg/matcher",
    "github.com/palantir/pkg/signals",
    "github.com/palantir/pkg/specdir",
    "github.com/pkg/errors",
    "github.com/spf13/cobra",
    "github.com/spf13/pflag",
    "github.com/stretchr/testify/assert",
    "github.com/stretchr/testify/require",
    "github.com/termie/go-shutil",
    "golang.org/x/oauth2",
    "gopkg.in/cheggaaa/pb.v1",
    "gopkg.in/yaml.v2",
  ]
  solver-name = "gps-cdcl"
  solver-version = 1
