# This file is autogenerated, do not edit; changes may be undone by the next 'dep ensure'.


[[projects]]
  name = "github.com/davecgh/go-spew"
  packages = ["spew"]
  revision = "346938d642f2ec3594ed81d874461961cd0faa76"
  version = "v1.1.0"

[[projects]]
  branch = "master"
  name = "github.com/dsnet/compress"
  packages = [
    ".",
    "bzip2",
    "bzip2/internal/sais",
    "internal",
    "internal/errors",
    "internal/prefix",
  ]
  revision = "cc9eb1d7ad760af14e8f918698f745e80377af4f"

[[projects]]
  name = "github.com/golang/protobuf"
  packages = ["proto"]
  revision = "925541529c1fa6821df4e44ce2723319eb2be768"
  version = "v1.0.0"

[[projects]]
  name = "github.com/google/go-github"
  packages = ["github"]
  revision = "e48060a28fac52d0f1cb758bc8b87c07bac4a87d"
  version = "v15.0.0"

[[projects]]
  branch = "master"
  name = "github.com/google/go-querystring"
  packages = ["query"]
  revision = "53e6ce116135b80d037921a7fdd5138cf32d7a8a"

[[projects]]
  name = "github.com/inconshreveable/mousetrap"
  packages = ["."]
  revision = "76626ae9c91c4f2a10f34cad8ce83ea42c93bb75"
  version = "v1.0"

[[projects]]
  name = "github.com/jtacoma/uritemplates"
  packages = ["."]
  revision = "307ae868f90f4ee1b73ebe4596e0394237dacce8"
  version = "v1.0.0"

[[projects]]
  name = "github.com/mattn/go-runewidth"
  packages = ["."]
  revision = "9e777a8366cce605130a531d2cd6363d07ad7317"
  version = "v0.0.2"

[[projects]]
  name = "github.com/mholt/archiver"
  packages = ["."]
  revision = "cdc68dd1f170b8dfc1a0d2231b5bb0967ed67006"
  version = "v2.0"

[[projects]]
  branch = "develop"
  name = "github.com/nmiyake/pkg"
  packages = [
    "dirs",
    "errorstringer",
    "gofiles",
  ]
  revision = "b64318170fdef93b4462420e0badef8050dbb7ec"

[[projects]]
  branch = "master"
  name = "github.com/nwaples/rardecode"
  packages = ["."]
  revision = "e06696f847aeda6f39a8f0b7cdff193b7690aef6"

[[projects]]
  name = "github.com/palantir/distgo"
  packages = [
    "assetapi",
    "cmd",
    "dister",
    "dister/bin",
    "dister/bin/config",
    "dister/bin/config/internal/v0",
    "dister/disterfactory",
    "dister/distertester",
    "dister/manual",
    "dister/manual/config",
    "dister/manual/config/internal/legacy",
    "dister/manual/config/internal/v0",
    "dister/osarchbin",
    "dister/osarchbin/config",
    "dister/osarchbin/config/internal/legacy",
    "dister/osarchbin/config/internal/v0",
    "distgo",
    "distgo/artifacts",
    "distgo/build",
    "distgo/clean",
    "distgo/config",
    "distgo/config/internal/legacy",
    "distgo/config/internal/v0",
    "distgo/dist",
    "distgo/docker",
    "distgo/printproducts",
    "distgo/projectversion",
    "distgo/publish",
    "distgo/run",
    "distgo/testfuncs",
    "dockerbuilder",
    "dockerbuilder/defaultdockerbuilder",
    "dockerbuilder/defaultdockerbuilder/config",
    "dockerbuilder/defaultdockerbuilder/config/internal/v0",
    "dockerbuilder/dockerbuilderfactory",
    "dockerbuilder/dockerbuildertester",
    "pkg/git",
    "pkg/imports",
    "projectversioner",
    "projectversioner/git",
    "projectversioner/git/config",
    "projectversioner/git/config/internal/v0",
    "projectversioner/projectversionerfactory",
    "projectversioner/projectversiontester",
    "projectversioner/script",
    "projectversioner/script/config",
    "projectversioner/script/config/internal/v0",
    "publisher",
    "publisher/artifactory",
    "publisher/artifactory/config",
    "publisher/artifactory/config/internal/v0",
    "publisher/bintray",
    "publisher/bintray/config",
    "publisher/bintray/config/internal/v0",
    "publisher/github",
    "publisher/github/config",
    "publisher/github/config/internal/v0",
    "publisher/mavenlocal",
    "publisher/mavenlocal/config",
    "publisher/mavenlocal/config/internal/v0",
    "publisher/publisherfactory",
    "publisher/publishertester",
  ]
  revision = "104f3f9050fd740f6ea22acac2896940a76e09c9"
  version = "v1.2.0"

[[projects]]
  branch = "master"
  name = "github.com/palantir/godel"
  packages = [
    "framework/artifactresolver",
    "framework/builtintasks",
    "framework/builtintasks/checkpath",
    "framework/builtintasks/githooks",
    "framework/builtintasks/githubwiki",
    "framework/builtintasks/idea",
    "framework/builtintasks/installupdate",
    "framework/builtintasks/installupdate/layout",
    "framework/builtintasks/packages",
    "framework/godel",
    "framework/godel/config",
    "framework/godel/config/internal/v0",
    "framework/godellauncher",
    "framework/godellauncher/defaulttasks",
    "framework/internal/pathsinternal",
    "framework/internal/pluginsinternal",
    "framework/pluginapi",
    "framework/pluginapi/v2/pluginapi",
    "framework/pluginapitester",
    "framework/plugins",
    "framework/verifyorder",
    "godelgetter",
    "pkg/osarch",
    "pkg/products/v2/products",
    "pkg/versionedconfig",
  ]
  revision = "6ef6fc2811e260af0641aae25a45881217b3cf3d"

[[projects]]
  branch = "master"
  name = "github.com/palantir/pkg"
  packages = [
    "cobracli",
    "gittest",
    "matcher",
    "pkgpath",
    "specdir",
  ]
  revision = "23395ebeee5df1083443a6261e5f674a76af91b6"

[[projects]]
  name = "github.com/pkg/errors"
  packages = ["."]
  revision = "645ef00459ed84a119197bfb8d8205042c6df63d"
  version = "v0.8.0"

[[projects]]
  name = "github.com/pmezard/go-difflib"
  packages = ["difflib"]
  revision = "792786c7400a136282c1664665ae0a8db921c6c2"
  version = "v1.0.0"

[[projects]]
  name = "github.com/spf13/cobra"
  packages = ["."]
  revision = "a1f051bc3eba734da4772d60e2d677f47cf93ef4"
  version = "v0.0.2"

[[projects]]
  name = "github.com/spf13/pflag"
  packages = ["."]
  revision = "e57e3eeb33f795204c1ca35f56c44f83227c6e66"
  version = "v1.0.0"

[[projects]]
  name = "github.com/stretchr/testify"
  packages = [
    "assert",
    "require",
  ]
  revision = "12b6f73e6084dad08a7c6e575284b177ecafbc71"
  version = "v1.2.1"

[[projects]]
  branch = "master"
  name = "github.com/termie/go-shutil"
  packages = ["."]
  revision = "bcacb06fecaeec8dc42af03c87c6949f4a05c74c"

[[projects]]
  name = "github.com/ulikunitz/xz"
  packages = [
    ".",
    "internal/hash",
    "internal/xlog",
    "lzma",
  ]
  revision = "0c6b41e72360850ca4f98dc341fd999726ea007f"
  version = "v0.5.4"

[[projects]]
  branch = "master"
  name = "golang.org/x/net"
  packages = [
    "context",
    "context/ctxhttp",
  ]
  revision = "d25186b37f34ebdbbea8f488ef055638dfab272d"

[[projects]]
  branch = "master"
  name = "golang.org/x/oauth2"
  packages = [
    ".",
    "internal",
  ]
  revision = "2f32c3ac0fa4fb807a0fcefb0b6f2468a0d99bd0"

[[projects]]
  branch = "master"
  name = "golang.org/x/sys"
  packages = ["unix"]
  revision = "dd2ff4accc098aceecb86b36eaa7829b2a17b1c9"

[[projects]]
  name = "google.golang.org/appengine"
  packages = [
    "internal",
    "internal/base",
    "internal/datastore",
    "internal/log",
    "internal/remote_api",
    "internal/urlfetch",
    "urlfetch",
  ]
  revision = "150dc57a1b433e64154302bdc40b6bb8aefa313a"
  version = "v1.0.0"

[[projects]]
  name = "gopkg.in/cheggaaa/pb.v1"
  packages = ["."]
  revision = "72b964305fba1230d3d818711138195f22b9ceea"
  version = "v1.0.22"

[[projects]]
  name = "gopkg.in/yaml.v2"
  packages = ["."]
  revision = "7f97868eec74b32b0982dd158a51a446d1da7eb5"
  version = "v2.1.1"

[solve-meta]
  analyzer-name = "dep"
  analyzer-version = 1
  inputs-digest = "5d3def5305c5ae9effc3f23093d44825abd3517e68cc2659dcd8348e29ace71b"
  solver-name = "gps-cdcl"
  solver-version = 1
